# This file is automatically @generated by Cargo.
# It is not intended for manual editing.
version = 4

[[package]]
name = "bitflags"
version = "1.3.2"
source = "registry+https://github.com/rust-lang/crates.io-index"
checksum = "bef38d45163c2f1dde094a7dfd33ccf595c92905c8f8f4fdc18d06fb1037718a"

[[package]]
name = "bitflags"
version = "2.13.1"
source = "registry+https://github.com/rust-lang/crates.io-index"
checksum = "b588b76d00fde79687d7646a9b5bdf3cc0f655e0bbd080335a95d7e96f3587da"

[[package]]
name = "kvm-bindings"
version = "0.14.1"
source = "registry+https://github.com/rust-lang/crates.io-index"
checksum = "11cf0ca75d59e9d298647c59cf6c5286fa048120caa77972a7a504a0824d234f"
dependencies = [
 "vmm-sys-util",
]

[[package]]
name = "kvm-ioctls"
version = "0.25.0"
source = "registry+https://github.com/rust-lang/crates.io-index"
checksum = "06ac372c120eb893b086d1a12027669cf2b478d1f71204021ffa7adf57948d63"
dependencies = [
 "bitflags 2.13.1",
 "kvm-bindings",
 "libc",
 "vmm-sys-util",
]

[[package]]
name = "libc"
version = "0.2.189"
source = "registry+https://github.com/rust-lang/crates.io-index"
checksum = "3eaf3ede3fee6db1a4c2ee091bf8a8b4dccdc6d17f656fb07896ee72867612f2"

[[package]]
name = "linux-raw-sys"
version = "0.12.1"
source = "registry+https://github.com/rust-lang/crates.io-index"
checksum = "32a66949e030da00e8c7d4434b251670a91556f4144941d37452769c25d58a53"

[[package]]
name = "sproutfs-vm-memory"
version = "0.1.0"
dependencies = [
 "kvm-bindings",
 "kvm-ioctls",
 "libc",
 "linux-raw-sys",
]

[[package]]
name = "vmm-sys-util"
version = "0.15.0"
source = "registry+https://github.com/rust-lang/crates.io-index"
checksum = "506c62fdf617a5176827c2f9afbcf1be155b03a9b4bf9617a60dbc07e3a1642f"
dependencies = [
 "bitflags 1.3.2",
 "libc",
]
